// !$*UTF8*$!
{
	archiveVersion = 1;
	classes = {};
	objectVersion = 60;
	objects = {

/* Begin PBXBuildFile section */
		A10000000000000000000001 /* VibeScreenApp.swift in Sources */ = {isa = PBXBuildFile; fileRef = A20000000000000000000001 /* VibeScreenApp.swift */; };
		A10000000000000000000002 /* ContentView.swift in Sources */ = {isa = PBXBuildFile; fileRef = A20000000000000000000002 /* ContentView.swift */; };
		A10000000000000000000003 /* PixelBufferView.swift in Sources */ = {isa = PBXBuildFile; fileRef = A20000000000000000000003 /* PixelBufferView.swift */; };
		A10000000000000000000004 /* StreamViewModel.swift in Sources */ = {isa = PBXBuildFile; fileRef = A20000000000000000000004 /* StreamViewModel.swift */; };
		A10000000000000000000005 /* AudioPlaybackController.swift in Sources */ = {isa = PBXBuildFile; fileRef = A20000000000000000000005 /* AudioPlaybackController.swift */; };
		A10000000000000000000006 /* ClipboardController.swift in Sources */ = {isa = PBXBuildFile; fileRef = A20000000000000000000006 /* ClipboardController.swift */; };
		A10000000000000000000007 /* ManagedConfigurationProvider.swift in Sources */ = {isa = PBXBuildFile; fileRef = A20000000000000000000007 /* ManagedConfigurationProvider.swift */; };
		A10000000000000000000008 /* WakeOnLANClient.swift in Sources */ = {isa = PBXBuildFile; fileRef = A20000000000000000000008 /* WakeOnLANClient.swift */; };
		A10000000000000000000009 /* StreamViewModel+Protocol.swift in Sources */ = {isa = PBXBuildFile; fileRef = A20000000000000000000009 /* StreamViewModel+Protocol.swift */; };
		A1000000000000000000000A /* SecurityScopedOutgoingFile.swift in Sources */ = {isa = PBXBuildFile; fileRef = A2000000000000000000000A /* SecurityScopedOutgoingFile.swift */; };
		A1000000000000000000000B /* StreamViewModel+NativeInput.swift in Sources */ = {isa = PBXBuildFile; fileRef = A2000000000000000000000B /* StreamViewModel+NativeInput.swift */; };
		A1000000000000000000000C /* StreamViewModel+Reconnect.swift in Sources */ = {isa = PBXBuildFile; fileRef = A2000000000000000000000C /* StreamViewModel+Reconnect.swift */; };
		A10000000000000000000011 /* VibeScreenCore in Frameworks */ = {isa = PBXBuildFile; productRef = A90000000000000000000001 /* VibeScreenCore */; };
		A10000000000000000000012 /* VibeScreenProtocol in Frameworks */ = {isa = PBXBuildFile; productRef = A90000000000000000000002 /* VibeScreenProtocol */; };
		A10000000000000000000013 /* VibeScreenVideo in Frameworks */ = {isa = PBXBuildFile; productRef = A90000000000000000000003 /* VibeScreenVideo */; };
		A10000000000000000000021 /* SwiftProtobuf-LICENSE.txt in Resources */ = {isa = PBXBuildFile; fileRef = A20000000000000000000021 /* SwiftProtobuf-LICENSE.txt */; };
		B10000000000000000000001 /* StreamViewModelTests.swift in Sources */ = {isa = PBXBuildFile; fileRef = B20000000000000000000001 /* StreamViewModelTests.swift */; };
		C10000000000000000000001 /* StreamViewModelNativeInputTests.swift in Sources */ = {isa = PBXBuildFile; fileRef = C20000000000000000000001 /* StreamViewModelNativeInputTests.swift */; };
		C10000000000000000000011 /* VibeScreenCore in Frameworks */ = {isa = PBXBuildFile; productRef = A90000000000000000000001 /* VibeScreenCore */; };
		C10000000000000000000012 /* VibeScreenProtocol in Frameworks */ = {isa = PBXBuildFile; productRef = A90000000000000000000002 /* VibeScreenProtocol */; };
/* End PBXBuildFile section */

/* Begin PBXContainerItemProxy section */
		B30000000000000000000001 /* PBXContainerItemProxy */ = {
			isa = PBXContainerItemProxy;
			containerPortal = A70000000000000000000001 /* Project object */;
			proxyType = 1;
			remoteGlobalIDString = A50000000000000000000001;
			remoteInfo = VibeScreen;
		};
		C30000000000000000000001 /* PBXContainerItemProxy */ = {
			isa = PBXContainerItemProxy;
			containerPortal = A70000000000000000000001 /* Project object */;
			proxyType = 1;
			remoteGlobalIDString = A50000000000000000000001;
			remoteInfo = VibeScreen;
		};
/* End PBXContainerItemProxy section */

/* Begin PBXFileReference section */
		A20000000000000000000001 /* VibeScreenApp.swift */ = {isa = PBXFileReference; lastKnownFileType = sourcecode.swift; path = VibeScreenApp.swift; sourceTree = "<group>"; };
		A20000000000000000000002 /* ContentView.swift */ = {isa = PBXFileReference; lastKnownFileType = sourcecode.swift; path = ContentView.swift; sourceTree = "<group>"; };
		A20000000000000000000003 /* PixelBufferView.swift */ = {isa = PBXFileReference; lastKnownFileType = sourcecode.swift; path = PixelBufferView.swift; sourceTree = "<group>"; };
		A20000000000000000000004 /* StreamViewModel.swift */ = {isa = PBXFileReference; lastKnownFileType = sourcecode.swift; path = StreamViewModel.swift; sourceTree = "<group>"; };
		A20000000000000000000005 /* AudioPlaybackController.swift */ = {isa = PBXFileReference; lastKnownFileType = sourcecode.swift; path = AudioPlaybackController.swift; sourceTree = "<group>"; };
		A20000000000000000000006 /* ClipboardController.swift */ = {isa = PBXFileReference; lastKnownFileType = sourcecode.swift; path = ClipboardController.swift; sourceTree = "<group>"; };
		A20000000000000000000007 /* ManagedConfigurationProvider.swift */ = {isa = PBXFileReference; lastKnownFileType = sourcecode.swift; path = ManagedConfigurationProvider.swift; sourceTree = "<group>"; };
		A20000000000000000000008 /* WakeOnLANClient.swift */ = {isa = PBXFileReference; lastKnownFileType = sourcecode.swift; path = WakeOnLANClient.swift; sourceTree = "<group>"; };
		A20000000000000000000009 /* StreamViewModel+Protocol.swift */ = {isa = PBXFileReference; lastKnownFileType = sourcecode.swift; path = "StreamViewModel+Protocol.swift"; sourceTree = "<group>"; };
		A2000000000000000000000A /* SecurityScopedOutgoingFile.swift */ = {isa = PBXFileReference; lastKnownFileType = sourcecode.swift; path = SecurityScopedOutgoingFile.swift; sourceTree = "<group>"; };
		A2000000000000000000000B /* StreamViewModel+NativeInput.swift */ = {isa = PBXFileReference; lastKnownFileType = sourcecode.swift; path = "StreamViewModel+NativeInput.swift"; sourceTree = "<group>"; };
		A2000000000000000000000C /* StreamViewModel+Reconnect.swift */ = {isa = PBXFileReference; lastKnownFileType = sourcecode.swift; path = "StreamViewModel+Reconnect.swift"; sourceTree = "<group>"; };
		A20000000000000000000010 /* VibeScreen.app */ = {isa = PBXFileReference; explicitFileType = wrapper.application; includeInIndex = 0; path = VibeScreen.app; sourceTree = BUILT_PRODUCTS_DIR; };
		A20000000000000000000021 /* SwiftProtobuf-LICENSE.txt */ = {isa = PBXFileReference; lastKnownFileType = text; path = "SwiftProtobuf-LICENSE.txt"; sourceTree = "<group>"; };
		B20000000000000000000001 /* StreamViewModelTests.swift */ = {isa = PBXFileReference; lastKnownFileType = sourcecode.swift; path = StreamViewModelTests.swift; sourceTree = "<group>"; };
		B20000000000000000000002 /* VibeScreenAppTests.xctest */ = {isa = PBXFileReference; explicitFileType = wrapper.cfbundle; includeInIndex = 0; path = VibeScreenAppTests.xctest; sourceTree = BUILT_PRODUCTS_DIR; };
		C20000000000000000000001 /* StreamViewModelNativeInputTests.swift */ = {isa = PBXFileReference; lastKnownFileType = sourcecode.swift; path = StreamViewModelNativeInputTests.swift; sourceTree = "<group>"; };
		C20000000000000000000002 /* VibeScreenAppUnitTests.xctest */ = {isa = PBXFileReference; explicitFileType = wrapper.cfbundle; includeInIndex = 0; path = VibeScreenAppUnitTests.xctest; sourceTree = BUILT_PRODUCTS_DIR; };
/* End PBXFileReference section */

/* Begin PBXFrameworksBuildPhase section */
		A30000000000000000000001 /* Frameworks */ = {
			isa = PBXFrameworksBuildPhase;
			buildActionMask = 2147483647;
			files = (
				A10000000000000000000011 /* VibeScreenCore in Frameworks */,
				A10000000000000000000012 /* VibeScreenProtocol in Frameworks */,
				A10000000000000000000013 /* VibeScreenVideo in Frameworks */,
			);
			runOnlyForDeploymentPostprocessing = 0;
		};
		B40000000000000000000001 /* Frameworks */ = {
			isa = PBXFrameworksBuildPhase;
			buildActionMask = 2147483647;
			files = ();
			runOnlyForDeploymentPostprocessing = 0;
		};
		C40000000000000000000001 /* Frameworks */ = {
			isa = PBXFrameworksBuildPhase;
			buildActionMask = 2147483647;
			files = (
				C10000000000000000000011 /* VibeScreenCore in Frameworks */,
				C10000000000000000000012 /* VibeScreenProtocol in Frameworks */,
			);
			runOnlyForDeploymentPostprocessing = 0;
		};
/* End PBXFrameworksBuildPhase section */

/* Begin PBXGroup section */
		A40000000000000000000001 = {
			isa = PBXGroup;
			children = (
				A40000000000000000000002 /* VibeScreenApp */,
				B50000000000000000000001 /* VibeScreenAppTests */,
				C50000000000000000000001 /* VibeScreenAppUnitTests */,
				A40000000000000000000004 /* ThirdPartyLicenses */,
				A40000000000000000000003 /* Products */,
			);
			sourceTree = "<group>";
		};
		A40000000000000000000002 /* VibeScreenApp */ = {
			isa = PBXGroup;
			children = (
				A20000000000000000000001 /* VibeScreenApp.swift */,
				A20000000000000000000002 /* ContentView.swift */,
				A20000000000000000000003 /* PixelBufferView.swift */,
				A20000000000000000000004 /* StreamViewModel.swift */,
				A20000000000000000000005 /* AudioPlaybackController.swift */,
				A20000000000000000000006 /* ClipboardController.swift */,
				A20000000000000000000007 /* ManagedConfigurationProvider.swift */,
				A20000000000000000000008 /* WakeOnLANClient.swift */,
				A20000000000000000000009 /* StreamViewModel+Protocol.swift */,
				A2000000000000000000000A /* SecurityScopedOutgoingFile.swift */,
				A2000000000000000000000B /* StreamViewModel+NativeInput.swift */,
				A2000000000000000000000C /* StreamViewModel+Reconnect.swift */,
			);
			path = VibeScreenApp;
			sourceTree = "<group>";
		};
		A40000000000000000000003 /* Products */ = {
			isa = PBXGroup;
			children = (
				A20000000000000000000010 /* VibeScreen.app */,
				B20000000000000000000002 /* VibeScreenAppTests.xctest */,
				C20000000000000000000002 /* VibeScreenAppUnitTests.xctest */,
			);
			name = Products;
			sourceTree = "<group>";
		};
		A40000000000000000000004 /* ThirdPartyLicenses */ = {
			isa = PBXGroup;
			children = (A20000000000000000000021 /* SwiftProtobuf-LICENSE.txt */);
			path = ThirdPartyLicenses;
			sourceTree = "<group>";
		};
		B50000000000000000000001 /* VibeScreenAppTests */ = {
			isa = PBXGroup;
			children = (B20000000000000000000001 /* StreamViewModelTests.swift */);
			path = VibeScreenAppTests;
			sourceTree = "<group>";
		};
		C50000000000000000000001 /* VibeScreenAppUnitTests */ = {
			isa = PBXGroup;
			children = (C20000000000000000000001 /* StreamViewModelNativeInputTests.swift */);
			path = VibeScreenAppUnitTests;
			sourceTree = "<group>";
		};
/* End PBXGroup section */

/* Begin PBXNativeTarget section */
		A50000000000000000000001 /* VibeScreen */ = {
			isa = PBXNativeTarget;
			buildConfigurationList = A80000000000000000000002 /* Build configuration list for PBXNativeTarget "VibeScreen" */;
			buildPhases = (
				A60000000000000000000001 /* Sources */,
				A30000000000000000000001 /* Frameworks */,
				A60000000000000000000002 /* Resources */,
			);
			buildRules = ();
			dependencies = ();
			name = VibeScreen;
			packageProductDependencies = (
				A90000000000000000000001 /* VibeScreenCore */,
				A90000000000000000000002 /* VibeScreenProtocol */,
				A90000000000000000000003 /* VibeScreenVideo */,
			);
			productName = VibeScreen;
			productReference = A20000000000000000000010 /* VibeScreen.app */;
			productType = "com.apple.product-type.application";
		};
		B60000000000000000000001 /* VibeScreenAppTests */ = {
			isa = PBXNativeTarget;
			buildConfigurationList = B80000000000000000000001 /* Build configuration list for PBXNativeTarget "VibeScreenAppTests" */;
			buildPhases = (
				B40000000000000000000002 /* Sources */,
				B40000000000000000000001 /* Frameworks */,
				B40000000000000000000003 /* Resources */,
			);
			buildRules = ();
			dependencies = (B70000000000000000000001 /* PBXTargetDependency */);
			name = VibeScreenAppTests;
			productName = VibeScreenAppTests;
			productReference = B20000000000000000000002 /* VibeScreenAppTests.xctest */;
			productType = "com.apple.product-type.bundle.ui-testing";
		};
		C60000000000000000000001 /* VibeScreenAppUnitTests */ = {
			isa = PBXNativeTarget;
			buildConfigurationList = C80000000000000000000001 /* Build configuration list for PBXNativeTarget "VibeScreenAppUnitTests" */;
			buildPhases = (
				C40000000000000000000002 /* Sources */,
				C40000000000000000000001 /* Frameworks */,
				C40000000000000000000003 /* Resources */,
			);
			buildRules = ();
			dependencies = (C70000000000000000000001 /* PBXTargetDependency */);
			name = VibeScreenAppUnitTests;
			packageProductDependencies = (
				A90000000000000000000001 /* VibeScreenCore */,
				A90000000000000000000002 /* VibeScreenProtocol */,
			);
			productName = VibeScreenAppUnitTests;
			productReference = C20000000000000000000002 /* VibeScreenAppUnitTests.xctest */;
			productType = "com.apple.product-type.bundle.unit-test";
		};
/* End PBXNativeTarget section */

/* Begin PBXProject section */
		A70000000000000000000001 /* Project object */ = {
			isa = PBXProject;
			attributes = {
				BuildIndependentTargetsInParallel = 1;
				LastSwiftUpdateCheck = 2600;
				LastUpgradeCheck = 2600;
				TargetAttributes = {
					A50000000000000000000001 = {CreatedOnToolsVersion = 26.0; };
					B60000000000000000000001 = {CreatedOnToolsVersion = 26.0; TestTargetID = A50000000000000000000001; };
					C60000000000000000000001 = {CreatedOnToolsVersion = 26.0; TestTargetID = A50000000000000000000001; };
				};
			};
			buildConfigurationList = A80000000000000000000001 /* Build configuration list for PBXProject "VibeScreen" */;
			compatibilityVersion = "Xcode 15.0";
			developmentRegion = en;
			hasScannedForEncodings = 0;
			knownRegions = (en, Base, zh_Hans);
			mainGroup = A40000000000000000000001;
			packageReferences = (A90000000000000000000010 /* XCLocalSwiftPackageReference "." */);
			productRefGroup = A40000000000000000000003 /* Products */;
			projectDirPath = "";
			projectRoot = "";
			targets = (
				A50000000000000000000001 /* VibeScreen */,
				B60000000000000000000001 /* VibeScreenAppTests */,
				C60000000000000000000001 /* VibeScreenAppUnitTests */,
			);
		};
/* End PBXProject section */

/* Begin PBXResourcesBuildPhase section */
		A60000000000000000000002 /* Resources */ = {
			isa = PBXResourcesBuildPhase;
			buildActionMask = 2147483647;
			files = (A10000000000000000000021 /* SwiftProtobuf-LICENSE.txt in Resources */);
			runOnlyForDeploymentPostprocessing = 0;
		};
		B40000000000000000000003 /* Resources */ = {
			isa = PBXResourcesBuildPhase;
			buildActionMask = 2147483647;
			files = ();
			runOnlyForDeploymentPostprocessing = 0;
		};
		C40000000000000000000003 /* Resources */ = {
			isa = PBXResourcesBuildPhase;
			buildActionMask = 2147483647;
			files = ();
			runOnlyForDeploymentPostprocessing = 0;
		};
/* End PBXResourcesBuildPhase section */

/* Begin PBXSourcesBuildPhase section */
		A60000000000000000000001 /* Sources */ = {
			isa = PBXSourcesBuildPhase;
			buildActionMask = 2147483647;
			files = (
				A10000000000000000000001 /* VibeScreenApp.swift in Sources */,
				A10000000000000000000002 /* ContentView.swift in Sources */,
				A10000000000000000000003 /* PixelBufferView.swift in Sources */,
				A10000000000000000000004 /* StreamViewModel.swift in Sources */,
				A10000000000000000000005 /* AudioPlaybackController.swift in Sources */,
				A10000000000000000000006 /* ClipboardController.swift in Sources */,
				A10000000000000000000007 /* ManagedConfigurationProvider.swift in Sources */,
				A10000000000000000000008 /* WakeOnLANClient.swift in Sources */,
				A10000000000000000000009 /* StreamViewModel+Protocol.swift in Sources */,
				A1000000000000000000000A /* SecurityScopedOutgoingFile.swift in Sources */,
				A1000000000000000000000B /* StreamViewModel+NativeInput.swift in Sources */,
				A1000000000000000000000C /* StreamViewModel+Reconnect.swift in Sources */,
			);
			runOnlyForDeploymentPostprocessing = 0;
		};
		B40000000000000000000002 /* Sources */ = {
			isa = PBXSourcesBuildPhase;
			buildActionMask = 2147483647;
			files = (B10000000000000000000001 /* StreamViewModelTests.swift in Sources */);
			runOnlyForDeploymentPostprocessing = 0;
		};
		C40000000000000000000002 /* Sources */ = {
			isa = PBXSourcesBuildPhase;
			buildActionMask = 2147483647;
			files = (C10000000000000000000001 /* StreamViewModelNativeInputTests.swift in Sources */);
			runOnlyForDeploymentPostprocessing = 0;
		};
/* End PBXSourcesBuildPhase section */

/* Begin PBXTargetDependency section */
		B70000000000000000000001 /* PBXTargetDependency */ = {
			isa = PBXTargetDependency;
			target = A50000000000000000000001 /* VibeScreen */;
			targetProxy = B30000000000000000000001 /* PBXContainerItemProxy */;
		};
		C70000000000000000000001 /* PBXTargetDependency */ = {
			isa = PBXTargetDependency;
			target = A50000000000000000000001 /* VibeScreen */;
			targetProxy = C30000000000000000000001 /* PBXContainerItemProxy */;
		};
/* End PBXTargetDependency section */

/* Begin XCBuildConfiguration section */
		AA0000000000000000000001 /* Debug */ = {isa = XCBuildConfiguration; buildSettings = {CLANG_ENABLE_MODULES = YES; IPHONEOS_DEPLOYMENT_TARGET = 17.0; SDKROOT = iphoneos; SWIFT_VERSION = 6.0; }; name = Debug; };
		AA0000000000000000000002 /* Release */ = {isa = XCBuildConfiguration; buildSettings = {CLANG_ENABLE_MODULES = YES; IPHONEOS_DEPLOYMENT_TARGET = 17.0; SDKROOT = iphoneos; SWIFT_COMPILATION_MODE = wholemodule; SWIFT_VERSION = 6.0; VALIDATE_PRODUCT = YES; }; name = Release; };
		AA0000000000000000000011 /* Debug */ = {
			isa = XCBuildConfiguration;
			buildSettings = {
				ASSETCATALOG_COMPILER_GENERATE_SWIFT_ASSET_SYMBOL_EXTENSIONS = YES;
				CODE_SIGN_STYLE = Automatic;
				CURRENT_PROJECT_VERSION = 1;
				DEVELOPMENT_TEAM = "";
				ENABLE_TESTABILITY = YES;
				ENABLE_PREVIEWS = YES;
				GENERATE_INFOPLIST_FILE = YES;
				INFOPLIST_KEY_CFBundleDisplayName = "Vibe Screen";
				INFOPLIST_KEY_NSLocalNetworkUsageDescription = "连接局域网内的 Mac 并接收显示画面。";
				MARKETING_VERSION = 0.1.0;
				PRODUCT_BUNDLE_IDENTIFIER = dev.vibescreen.ios;
				PRODUCT_NAME = "$(TARGET_NAME)";
				SUPPORTED_PLATFORMS = "iphoneos iphonesimulator";
				SWIFT_EMIT_LOC_STRINGS = YES;
				TARGETED_DEVICE_FAMILY = "1,2";
			};
			name = Debug;
		};
		AA0000000000000000000012 /* Release */ = {
			isa = XCBuildConfiguration;
			buildSettings = {
				ASSETCATALOG_COMPILER_GENERATE_SWIFT_ASSET_SYMBOL_EXTENSIONS = YES;
				CODE_SIGN_STYLE = Automatic;
				CURRENT_PROJECT_VERSION = 1;
				DEVELOPMENT_TEAM = "";
				GENERATE_INFOPLIST_FILE = YES;
				INFOPLIST_KEY_CFBundleDisplayName = "Vibe Screen";
				INFOPLIST_KEY_NSLocalNetworkUsageDescription = "连接局域网内的 Mac 并接收显示画面。";
				MARKETING_VERSION = 0.1.0;
				PRODUCT_BUNDLE_IDENTIFIER = dev.vibescreen.ios;
				PRODUCT_NAME = "$(TARGET_NAME)";
				SUPPORTED_PLATFORMS = "iphoneos iphonesimulator";
				SWIFT_EMIT_LOC_STRINGS = YES;
				TARGETED_DEVICE_FAMILY = "1,2";
			};
			name = Release;
		};
		BB0000000000000000000001 /* Debug */ = {
			isa = XCBuildConfiguration;
			buildSettings = {
				GENERATE_INFOPLIST_FILE = YES;
				IPHONEOS_DEPLOYMENT_TARGET = 17.0;
				PRODUCT_BUNDLE_IDENTIFIER = dev.vibescreen.ios.tests;
				PRODUCT_NAME = "$(TARGET_NAME)";
				SWIFT_VERSION = 6.0;
				TARGETED_DEVICE_FAMILY = "1,2";
				TEST_TARGET_NAME = VibeScreen;
			};
			name = Debug;
		};
		BB0000000000000000000002 /* Release */ = {
			isa = XCBuildConfiguration;
			buildSettings = {
				GENERATE_INFOPLIST_FILE = YES;
				IPHONEOS_DEPLOYMENT_TARGET = 17.0;
				PRODUCT_BUNDLE_IDENTIFIER = dev.vibescreen.ios.tests;
				PRODUCT_NAME = "$(TARGET_NAME)";
				SWIFT_VERSION = 6.0;
				TARGETED_DEVICE_FAMILY = "1,2";
				TEST_TARGET_NAME = VibeScreen;
			};
			name = Release;
		};
		CC0000000000000000000001 /* Debug */ = {
			isa = XCBuildConfiguration;
			buildSettings = {
				BUNDLE_LOADER = "$(TEST_HOST)";
				GENERATE_INFOPLIST_FILE = YES;
				IPHONEOS_DEPLOYMENT_TARGET = 17.0;
				PRODUCT_BUNDLE_IDENTIFIER = dev.vibescreen.ios.unit-tests;
				PRODUCT_NAME = "$(TARGET_NAME)";
				SWIFT_VERSION = 6.0;
				TARGETED_DEVICE_FAMILY = "1,2";
				TEST_HOST = "$(BUILT_PRODUCTS_DIR)/VibeScreen.app/$(BUNDLE_EXECUTABLE_FOLDER_PATH)/VibeScreen";
			};
			name = Debug;
		};
		CC0000000000000000000002 /* Release */ = {
			isa = XCBuildConfiguration;
			buildSettings = {
				BUNDLE_LOADER = "$(TEST_HOST)";
				GENERATE_INFOPLIST_FILE = YES;
				IPHONEOS_DEPLOYMENT_TARGET = 17.0;
				PRODUCT_BUNDLE_IDENTIFIER = dev.vibescreen.ios.unit-tests;
				PRODUCT_NAME = "$(TARGET_NAME)";
				SWIFT_VERSION = 6.0;
				TARGETED_DEVICE_FAMILY = "1,2";
				TEST_HOST = "$(BUILT_PRODUCTS_DIR)/VibeScreen.app/$(BUNDLE_EXECUTABLE_FOLDER_PATH)/VibeScreen";
			};
			name = Release;
		};
/* End XCBuildConfiguration section */

/* Begin XCConfigurationList section */
		A80000000000000000000001 /* Build configuration list for PBXProject "VibeScreen" */ = {isa = XCConfigurationList; buildConfigurations = (AA0000000000000000000001, AA0000000000000000000002); defaultConfigurationIsVisible = 0; defaultConfigurationName = Release; };
		A80000000000000000000002 /* Build configuration list for PBXNativeTarget "VibeScreen" */ = {isa = XCConfigurationList; buildConfigurations = (AA0000000000000000000011, AA0000000000000000000012); defaultConfigurationIsVisible = 0; defaultConfigurationName = Release; };
		B80000000000000000000001 /* Build configuration list for PBXNativeTarget "VibeScreenAppTests" */ = {isa = XCConfigurationList; buildConfigurations = (BB0000000000000000000001, BB0000000000000000000002); defaultConfigurationIsVisible = 0; defaultConfigurationName = Release; };
		C80000000000000000000001 /* Build configuration list for PBXNativeTarget "VibeScreenAppUnitTests" */ = {isa = XCConfigurationList; buildConfigurations = (CC0000000000000000000001, CC0000000000000000000002); defaultConfigurationIsVisible = 0; defaultConfigurationName = Release; };
/* End XCConfigurationList section */

/* Begin XCLocalSwiftPackageReference section */
		A90000000000000000000010 /* XCLocalSwiftPackageReference "." */ = {isa = XCLocalSwiftPackageReference; relativePath = .; };
/* End XCLocalSwiftPackageReference section */

/* Begin XCSwiftPackageProductDependency section */
		A90000000000000000000001 /* VibeScreenCore */ = {isa = XCSwiftPackageProductDependency; productName = VibeScreenCore; };
		A90000000000000000000002 /* VibeScreenProtocol */ = {isa = XCSwiftPackageProductDependency; productName = VibeScreenProtocol; };
		A90000000000000000000003 /* VibeScreenVideo */ = {isa = XCSwiftPackageProductDependency; productName = VibeScreenVideo; };
/* End XCSwiftPackageProductDependency section */
	};
	rootObject = A70000000000000000000001 /* Project object */;
}
